
Microsoft Visual Studio Solution File, Format Version 11.00
# Visual Studio 2010
Project("{FAE04EC0-301F-11D3-BF4B-00C04F79EFBC}") = "Jury System Test", "Assembly-CSharp.csproj", "{EBD576C7-78F1-143E-7D19-B949CA34B81E}"
EndProject
Global
	GlobalSection(SolutionConfigurationPlatforms) = preSolution
		Debug|Any CPU = Debug|Any CPU
		Release|Any CPU = Release|Any CPU
	EndGlobalSection
	GlobalSection(ProjectConfigurationPlatforms) = postSolution
		{EBD576C7-78F1-143E-7D19-B949CA34B81E}.Debug|Any CPU.ActiveCfg = Debug|Any CPU
		{EBD576C7-78F1-143E-7D19-B949CA34B81E}.Debug|Any CPU.Build.0 = Debug|Any CPU
		{EBD576C7-78F1-143E-7D19-B949CA34B81E}.Release|Any CPU.ActiveCfg = Release|Any CPU
		{EBD576C7-78F1-143E-7D19-B949CA34B81E}.Release|Any CPU.Build.0 = Release|Any CPU
	EndGlobalSection
	GlobalSection(SolutionProperties) = preSolution
		HideSolutionNode = FALSE
	EndGlobalSection
	GlobalSection(MonoDevelopProperties) = preSolution
		StartupItem = Assembly-CSharp.csproj
	EndGlobalSection
EndGlobal
